{
  "name": "blockml",
  "version": "0.1.0",
  "lockfileVersion": 3,
  "requires": true,
  "packages": {
    "": {
      "name": "blockml",
      "version": "0.1.0",
      "license": "Apache-2.0",
      "devDependencies": {
        "@blockml/core": "^1.0.3"
      },
      "engines": {
        "vscode": "^1.85.0"
      }
    },
    "node_modules/@blockml/core": {
      "version": "1.0.3",
      "resolved": "https://registry.npmjs.org/@blockml/core/-/core-1.0.3.tgz",
      "integrity": "sha512-Wdfke+YDn9YDlN+g+ZGNjJ0gJME7gztBUezoMrKpM5sOEcbUGgT4IqTxtnOoOX6wVzS3QeZdC3S+V61bqUtVaQ==",
      "dev": true,
      "license": "Apache-2.0"
    }
  }
}
