{
  "name": "blockml-vscode",
  "version": "1.0.0",
  "lockfileVersion": 3,
  "requires": true,
  "packages": {
    "": {
      "name": "blockml-vscode",
      "version": "1.0.0",
      "license": "Apache-2.0",
      "dependencies": {
        "@blockml/core": "^1.0.1"
      }
    },
    "node_modules/@blockml/core": {
      "version": "1.0.1",
      "resolved": "https://registry.npmjs.org/@blockml/core/-/core-1.0.1.tgz",
      "integrity": "sha512-etVuCTpG6fisGrEIlNriKp+yP1RQWLpvxD1vGDhvP8T0cQbrqzSfQvN8gvMo/xBJxzRJ8WYzAjP42dKXeeVaig==",
      "license": "Apache-2.0"
    }
  }
}
